
Microsoft Visual Studio Solution File, Format Version 12.00
# Visual Studio Version 17
VisualStudioVersion = 17.7.34221.43
MinimumVisualStudioVersion = 10.0.40219.1
Project("{9A19103F-16F7-4668-BE54-9A1E7A4F7556}") = "MyBlazorBroker", "MyBlazorBroker.csproj", "{6C75BCA3-2379-465B-9449-D65E369213AD}"
EndProject
Global
	GlobalSection(SolutionConfigurationPlatforms) = preSolution
		Debug|Any CPU = Debug|Any CPU
		Release|Any CPU = Release|Any CPU
	EndGlobalSection
	GlobalSection(ProjectConfigurationPlatforms) = postSolution
		{6C75BCA3-2379-465B-9449-D65E369213AD}.Debug|Any CPU.ActiveCfg = Debug|Any CPU
		{6C75BCA3-2379-465B-9449-D65E369213AD}.Debug|Any CPU.Build.0 = Debug|Any CPU
		{6C75BCA3-2379-465B-9449-D65E369213AD}.Release|Any CPU.ActiveCfg = Release|Any CPU
		{6C75BCA3-2379-465B-9449-D65E369213AD}.Release|Any CPU.Build.0 = Release|Any CPU
	EndGlobalSection
	GlobalSection(SolutionProperties) = preSolution
		HideSolutionNode = FALSE
	EndGlobalSection
	GlobalSection(ExtensibilityGlobals) = postSolution
		SolutionGuid = {D125A195-E7B8-4D72-BAFC-E49889718F4D}
	EndGlobalSection
EndGlobal
